
Microsoft Visual Studio Solution File, Format Version 12.00
# Visual Studio 2012
Project("{FAE04EC0-301F-11D3-BF4B-00C04F79EFBC}") = "NimLearning", "NimLearning\NimLearning.csproj", "{1F52F4E5-8854-41EE-8586-0989CBE876DB}"
EndProject
Global
	GlobalSection(SubversionScc) = preSolution
		Svn-Managed = True
		Manager = AnkhSVN - Subversion Support for Visual Studio
	EndGlobalSection
	GlobalSection(SolutionConfigurationPlatforms) = preSolution
		Debug|Any CPU = Debug|Any CPU
		Release|Any CPU = Release|Any CPU
	EndGlobalSection
	GlobalSection(ProjectConfigurationPlatforms) = postSolution
		{1F52F4E5-8854-41EE-8586-0989CBE876DB}.Debug|Any CPU.ActiveCfg = Debug|Any CPU
		{1F52F4E5-8854-41EE-8586-0989CBE876DB}.Debug|Any CPU.Build.0 = Debug|Any CPU
		{1F52F4E5-8854-41EE-8586-0989CBE876DB}.Release|Any CPU.ActiveCfg = Release|Any CPU
		{1F52F4E5-8854-41EE-8586-0989CBE876DB}.Release|Any CPU.Build.0 = Release|Any CPU
	EndGlobalSection
	GlobalSection(SolutionProperties) = preSolution
		HideSolutionNode = FALSE
	EndGlobalSection
EndGlobal
